
Microsoft Visual Studio Solution File, Format Version 12.00
# Visual Studio Version 17
VisualStudioVersion = 17.8.34511.84
MinimumVisualStudioVersion = 10.0.40219.1
Project("{9A19103F-16F7-4668-BE54-9A1E7A4F7556}") = "Linker2", "Linker2\Linker2.csproj", "{F25016E4-8BA6-4F15-9FDB-FFAB06EA9105}"
EndProject
Project("{9A19103F-16F7-4668-BE54-9A1E7A4F7556}") = "Linker2.Desktop", "Linker2.Desktop\Linker2.Desktop.csproj", "{7FAF1584-C8D4-438E-8A53-61CB7699503D}"
EndProject
Global
	GlobalSection(SolutionConfigurationPlatforms) = preSolution
		Debug|Any CPU = Debug|Any CPU
		Release|Any CPU = Release|Any CPU
	EndGlobalSection
	GlobalSection(ProjectConfigurationPlatforms) = postSolution
		{F25016E4-8BA6-4F15-9FDB-FFAB06EA9105}.Debug|Any CPU.ActiveCfg = Debug|Any CPU
		{F25016E4-8BA6-4F15-9FDB-FFAB06EA9105}.Debug|Any CPU.Build.0 = Debug|Any CPU
		{F25016E4-8BA6-4F15-9FDB-FFAB06EA9105}.Release|Any CPU.ActiveCfg = Release|Any CPU
		{F25016E4-8BA6-4F15-9FDB-FFAB06EA9105}.Release|Any CPU.Build.0 = Release|Any CPU
		{7FAF1584-C8D4-438E-8A53-61CB7699503D}.Debug|Any CPU.ActiveCfg = Debug|Any CPU
		{7FAF1584-C8D4-438E-8A53-61CB7699503D}.Debug|Any CPU.Build.0 = Debug|Any CPU
		{7FAF1584-C8D4-438E-8A53-61CB7699503D}.Release|Any CPU.ActiveCfg = Release|Any CPU
		{7FAF1584-C8D4-438E-8A53-61CB7699503D}.Release|Any CPU.Build.0 = Release|Any CPU
	EndGlobalSection
	GlobalSection(SolutionProperties) = preSolution
		HideSolutionNode = FALSE
	EndGlobalSection
	GlobalSection(ExtensibilityGlobals) = postSolution
		SolutionGuid = {F9F0380B-94E5-4665-A975-077EABFA6628}
	EndGlobalSection
EndGlobal
